Microsoft Visual Studio Solution File, Format Version 11.00
# Visual Studio 2008

Project("{30626B3B-0E6A-E40D-A186-8B34FE551789}") = "UnitySurvivalGame", "Assembly-CSharp.csproj", "{5D13C4B6-68D2-9155-CFD0-2639C4400016}"
EndProject
Global
	GlobalSection(SolutionConfigurationPlatforms) = preSolution
		Debug|Any CPU = Debug|Any CPU
		Release|Any CPU = Release|Any CPU
	EndGlobalSection
	GlobalSection(ProjectConfigurationPlatforms) = postSolution
		{5D13C4B6-68D2-9155-CFD0-2639C4400016}.Debug|Any CPU.ActiveCfg = Debug|Any CPU
		{5D13C4B6-68D2-9155-CFD0-2639C4400016}.Debug|Any CPU.Build.0 = Debug|Any CPU
		{5D13C4B6-68D2-9155-CFD0-2639C4400016}.Release|Any CPU.ActiveCfg = Release|Any CPU
		{5D13C4B6-68D2-9155-CFD0-2639C4400016}.Release|Any CPU.Build.0 = Release|Any CPU
	EndGlobalSection
	GlobalSection(SolutionProperties) = preSolution
		HideSolutionNode = FALSE
	EndGlobalSection
	GlobalSection(MonoDevelopProperties) = preSolution
		StartupItem = Assembly-CSharp.csproj
	EndGlobalSection
EndGlobal
